
Microsoft Visual Studio Solution File, Format Version 12.00
# Visual Studio 15
VisualStudioVersion = 15.0.27428.2043
MinimumVisualStudioVersion = 10.0.40219.1
Project("{FAE04EC0-301F-11D3-BF4B-00C04F79EFBC}") = "WebReviewSite", "WebReviewSite\WebReviewSite.csproj", "{F94FF85A-12E0-4F60-B628-93FD3BC28B58}"
EndProject
Project("{FAE04EC0-301F-11D3-BF4B-00C04F79EFBC}") = "WebReviewSite.Tests", "WebReviewSite.Tests\WebReviewSite.Tests.csproj", "{E125C594-CA60-4DCB-A012-0847C77DABB0}"
EndProject
Project("{FAE04EC0-301F-11D3-BF4B-00C04F79EFBC}") = "ReviewSiteTest", "ReviewSiteTest\ReviewSiteTest.csproj", "{E97B08D3-CDE5-4C6E-BD98-A7803E8E9C3F}"
EndProject
Project("{FAE04EC0-301F-11D3-BF4B-00C04F79EFBC}") = "ReviewSiteData", "ReviewSiteData\ReviewSiteData.csproj", "{C117371C-AB33-4558-84F3-3ED283439FA2}"
EndProject
Project("{FAE04EC0-301F-11D3-BF4B-00C04F79EFBC}") = "ReviewSiteLogic", "ReviewSiteLogic\ReviewSiteLogic.csproj", "{9017F06A-E3CE-4EAC-A220-15F488243DC6}"
EndProject
Global
	GlobalSection(SolutionConfigurationPlatforms) = preSolution
		Debug|Any CPU = Debug|Any CPU
		Release|Any CPU = Release|Any CPU
	EndGlobalSection
	GlobalSection(ProjectConfigurationPlatforms) = postSolution
		{F94FF85A-12E0-4F60-B628-93FD3BC28B58}.Debug|Any CPU.ActiveCfg = Debug|Any CPU
		{F94FF85A-12E0-4F60-B628-93FD3BC28B58}.Debug|Any CPU.Build.0 = Debug|Any CPU
		{F94FF85A-12E0-4F60-B628-93FD3BC28B58}.Release|Any CPU.ActiveCfg = Release|Any CPU
		{F94FF85A-12E0-4F60-B628-93FD3BC28B58}.Release|Any CPU.Build.0 = Release|Any CPU
		{E125C594-CA60-4DCB-A012-0847C77DABB0}.Debug|Any CPU.ActiveCfg = Debug|Any CPU
		{E125C594-CA60-4DCB-A012-0847C77DABB0}.Debug|Any CPU.Build.0 = Debug|Any CPU
		{E125C594-CA60-4DCB-A012-0847C77DABB0}.Release|Any CPU.ActiveCfg = Release|Any CPU
		{E125C594-CA60-4DCB-A012-0847C77DABB0}.Release|Any CPU.Build.0 = Release|Any CPU
		{E97B08D3-CDE5-4C6E-BD98-A7803E8E9C3F}.Debug|Any CPU.ActiveCfg = Debug|Any CPU
		{E97B08D3-CDE5-4C6E-BD98-A7803E8E9C3F}.Debug|Any CPU.Build.0 = Debug|Any CPU
		{E97B08D3-CDE5-4C6E-BD98-A7803E8E9C3F}.Release|Any CPU.ActiveCfg = Release|Any CPU
		{E97B08D3-CDE5-4C6E-BD98-A7803E8E9C3F}.Release|Any CPU.Build.0 = Release|Any CPU
		{C117371C-AB33-4558-84F3-3ED283439FA2}.Debug|Any CPU.ActiveCfg = Debug|Any CPU
		{C117371C-AB33-4558-84F3-3ED283439FA2}.Debug|Any CPU.Build.0 = Debug|Any CPU
		{C117371C-AB33-4558-84F3-3ED283439FA2}.Release|Any CPU.ActiveCfg = Release|Any CPU
		{C117371C-AB33-4558-84F3-3ED283439FA2}.Release|Any CPU.Build.0 = Release|Any CPU
		{9017F06A-E3CE-4EAC-A220-15F488243DC6}.Debug|Any CPU.ActiveCfg = Debug|Any CPU
		{9017F06A-E3CE-4EAC-A220-15F488243DC6}.Debug|Any CPU.Build.0 = Debug|Any CPU
		{9017F06A-E3CE-4EAC-A220-15F488243DC6}.Release|Any CPU.ActiveCfg = Release|Any CPU
		{9017F06A-E3CE-4EAC-A220-15F488243DC6}.Release|Any CPU.Build.0 = Release|Any CPU
	EndGlobalSection
	GlobalSection(SolutionProperties) = preSolution
		HideSolutionNode = FALSE
	EndGlobalSection
	GlobalSection(ExtensibilityGlobals) = postSolution
		SolutionGuid = {6D824975-4752-4328-A90B-274536139E5F}
	EndGlobalSection
EndGlobal
